
Microsoft Visual Studio Solution File, Format Version 12.00
# Visual Studio Version 17
VisualStudioVersion = 17.13.35919.96 d17.13
MinimumVisualStudioVersion = 10.0.40219.1
Project("{FAE04EC0-301F-11D3-BF4B-00C04F79EFBC}") = "AccountManagementSystem", "AccountManagementSystem\AccountManagementSystem.csproj", "{9BA6CA3B-6FDE-4918-A9EF-DB900466D8A5}"
EndProject
Global
	GlobalSection(SolutionConfigurationPlatforms) = preSolution
		Debug|Any CPU = Debug|Any CPU
		Release|Any CPU = Release|Any CPU
	EndGlobalSection
	GlobalSection(ProjectConfigurationPlatforms) = postSolution
		{9BA6CA3B-6FDE-4918-A9EF-DB900466D8A5}.Debug|Any CPU.ActiveCfg = Debug|Any CPU
		{9BA6CA3B-6FDE-4918-A9EF-DB900466D8A5}.Debug|Any CPU.Build.0 = Debug|Any CPU
		{9BA6CA3B-6FDE-4918-A9EF-DB900466D8A5}.Release|Any CPU.ActiveCfg = Release|Any CPU
		{9BA6CA3B-6FDE-4918-A9EF-DB900466D8A5}.Release|Any CPU.Build.0 = Release|Any CPU
	EndGlobalSection
	GlobalSection(SolutionProperties) = preSolution
		HideSolutionNode = FALSE
	EndGlobalSection
	GlobalSection(ExtensibilityGlobals) = postSolution
		SolutionGuid = {31877775-2596-4C8A-B8AE-81254929B174}
	EndGlobalSection
EndGlobal
